{
  "version": 4,
  "terraform_version": "1.2.4",
  "serial": 55,
  "lineage": "d5e48129-bc96-12e4-8f4d-99cb11a9b152",
  "outputs": {
    "cdn": {
      "value": {
        "aliases": [],
        "arn": "arn:aws:cloudfront::698347480743:distribution/E3NFZKYDHPVQRV",
        "caller_reference": "terraform-20220706192428622000000001",
        "comment": null,
        "custom_error_response": [],
        "default_cache_behavior": [
          {
            "allowed_methods": [
              "GET",
              "HEAD"
            ],
            "cache_policy_id": "",
            "cached_methods": [
              "GET",
              "HEAD"
            ],
            "compress": false,
            "default_ttl": 3600,
            "field_level_encryption_id": "",
            "forwarded_values": [
              {
                "cookies": [
                  {
                    "forward": "none",
                    "whitelisted_names": []
                  }
                ],
                "headers": [],
                "query_string": false,
                "query_string_cache_keys": []
              }
            ],
            "function_association": [],
            "lambda_function_association": [],
            "max_ttl": 86400,
            "min_ttl": 0,
            "origin_request_policy_id": "",
            "realtime_log_config_arn": "",
            "response_headers_policy_id": "",
            "smooth_streaming": false,
            "target_origin_id": "si3mshady",
            "trusted_key_groups": [],
            "trusted_signers": [],
            "viewer_protocol_policy": "allow-all"
          }
        ],
        "default_root_object": "index.html",
        "domain_name": "d1iz45btfrzs0k.cloudfront.net",
        "enabled": true,
        "etag": "E1EHZIAH58DBQ1",
        "hosted_zone_id": "Z2FDTNDATAQYW2",
        "http_version": "http2",
        "id": "E3NFZKYDHPVQRV",
        "in_progress_validation_batches": 0,
        "is_ipv6_enabled": false,
        "last_modified_time": "2022-07-06 19:24:28.941 +0000 UTC",
        "logging_config": [],
        "ordered_cache_behavior": [],
        "origin": [
          {
            "connection_attempts": 3,
            "connection_timeout": 10,
            "custom_header": [],
            "custom_origin_config": [],
            "domain_name": "elliott-s3-tf-test-site.s3.us-west-2.amazonaws.com",
            "origin_id": "si3mshady",
            "origin_path": "",
            "origin_shield": [],
            "s3_origin_config": []
          }
        ],
        "origin_group": [],
        "price_class": "PriceClass_All",
        "restrictions": [
          {
            "geo_restriction": [
              {
                "locations": [
                  "CA",
                  "DE",
                  "GB",
                  "US"
                ],
                "restriction_type": "whitelist"
              }
            ]
          }
        ],
        "retain_on_delete": false,
        "status": "Deployed",
        "tags": {
          "Environment": "dev"
        },
        "tags_all": {
          "Environment": "dev"
        },
        "trusted_key_groups": [
          {
            "enabled": false,
            "items": []
          }
        ],
        "trusted_signers": [
          {
            "enabled": false,
            "items": []
          }
        ],
        "viewer_certificate": [
          {
            "acm_certificate_arn": "",
            "cloudfront_default_certificate": true,
            "iam_certificate_id": "",
            "minimum_protocol_version": "TLSv1",
            "ssl_support_method": ""
          }
        ],
        "wait_for_deployment": true,
        "web_acl_id": ""
      },
      "type": [
        "object",
        {
          "aliases": [
            "set",
            "string"
          ],
          "arn": "string",
          "caller_reference": "string",
          "comment": "string",
          "custom_error_response": [
            "set",
            [
              "object",
              {
                "error_caching_min_ttl": "number",
                "error_code": "number",
                "response_code": "number",
                "response_page_path": "string"
              }
            ]
          ],
          "default_cache_behavior": [
            "list",
            [
              "object",
              {
                "allowed_methods": [
                  "set",
                  "string"
                ],
                "cache_policy_id": "string",
                "cached_methods": [
                  "set",
                  "string"
                ],
                "compress": "bool",
                "default_ttl": "number",
                "field_level_encryption_id": "string",
                "forwarded_values": [
                  "list",
                  [
                    "object",
                    {
                      "cookies": [
                        "list",
                        [
                          "object",
                          {
                            "forward": "string",
                            "whitelisted_names": [
                              "set",
                              "string"
                            ]
                          }
                        ]
                      ],
                      "headers": [
                        "set",
                        "string"
                      ],
                      "query_string": "bool",
                      "query_string_cache_keys": [
                        "list",
                        "string"
                      ]
                    }
                  ]
                ],
                "function_association": [
                  "set",
                  [
                    "object",
                    {
                      "event_type": "string",
                      "function_arn": "string"
                    }
                  ]
                ],
                "lambda_function_association": [
                  "set",
                  [
                    "object",
                    {
                      "event_type": "string",
                      "include_body": "bool",
                      "lambda_arn": "string"
                    }
                  ]
                ],
                "max_ttl": "number",
                "min_ttl": "number",
                "origin_request_policy_id": "string",
                "realtime_log_config_arn": "string",
                "response_headers_policy_id": "string",
                "smooth_streaming": "bool",
                "target_origin_id": "string",
                "trusted_key_groups": [
                  "list",
                  "string"
                ],
                "trusted_signers": [
                  "list",
                  "string"
                ],
                "viewer_protocol_policy": "string"
              }
            ]
          ],
          "default_root_object": "string",
          "domain_name": "string",
          "enabled": "bool",
          "etag": "string",
          "hosted_zone_id": "string",
          "http_version": "string",
          "id": "string",
          "in_progress_validation_batches": "number",
          "is_ipv6_enabled": "bool",
          "last_modified_time": "string",
          "logging_config": [
            "list",
            [
              "object",
              {
                "bucket": "string",
                "include_cookies": "bool",
                "prefix": "string"
              }
            ]
          ],
          "ordered_cache_behavior": [
            "list",
            [
              "object",
              {
                "allowed_methods": [
                  "set",
                  "string"
                ],
                "cache_policy_id": "string",
                "cached_methods": [
                  "set",
                  "string"
                ],
                "compress": "bool",
                "default_ttl": "number",
                "field_level_encryption_id": "string",
                "forwarded_values": [
                  "list",
                  [
                    "object",
                    {
                      "cookies": [
                        "list",
                        [
                          "object",
                          {
                            "forward": "string",
                            "whitelisted_names": [
                              "set",
                              "string"
                            ]
                          }
                        ]
                      ],
                      "headers": [
                        "set",
                        "string"
                      ],
                      "query_string": "bool",
                      "query_string_cache_keys": [
                        "list",
                        "string"
                      ]
                    }
                  ]
                ],
                "function_association": [
                  "set",
                  [
                    "object",
                    {
                      "event_type": "string",
                      "function_arn": "string"
                    }
                  ]
                ],
                "lambda_function_association": [
                  "set",
                  [
                    "object",
                    {
                      "event_type": "string",
                      "include_body": "bool",
                      "lambda_arn": "string"
                    }
                  ]
                ],
                "max_ttl": "number",
                "min_ttl": "number",
                "origin_request_policy_id": "string",
                "path_pattern": "string",
                "realtime_log_config_arn": "string",
                "response_headers_policy_id": "string",
                "smooth_streaming": "bool",
                "target_origin_id": "string",
                "trusted_key_groups": [
                  "list",
                  "string"
                ],
                "trusted_signers": [
                  "list",
                  "string"
                ],
                "viewer_protocol_policy": "string"
              }
            ]
          ],
          "origin": [
            "set",
            [
              "object",
              {
                "connection_attempts": "number",
                "connection_timeout": "number",
                "custom_header": [
                  "set",
                  [
                    "object",
                    {
                      "name": "string",
                      "value": "string"
                    }
                  ]
                ],
                "custom_origin_config": [
                  "list",
                  [
                    "object",
                    {
                      "http_port": "number",
                      "https_port": "number",
                      "origin_keepalive_timeout": "number",
                      "origin_protocol_policy": "string",
                      "origin_read_timeout": "number",
                      "origin_ssl_protocols": [
                        "set",
                        "string"
                      ]
                    }
                  ]
                ],
                "domain_name": "string",
                "origin_id": "string",
                "origin_path": "string",
                "origin_shield": [
                  "list",
                  [
                    "object",
                    {
                      "enabled": "bool",
                      "origin_shield_region": "string"
                    }
                  ]
                ],
                "s3_origin_config": [
                  "list",
                  [
                    "object",
                    {
                      "origin_access_identity": "string"
                    }
                  ]
                ]
              }
            ]
          ],
          "origin_group": [
            "set",
            [
              "object",
              {
                "failover_criteria": [
                  "list",
                  [
                    "object",
                    {
                      "status_codes": [
                        "set",
                        "number"
                      ]
                    }
                  ]
                ],
                "member": [
                  "list",
                  [
                    "object",
                    {
                      "origin_id": "string"
                    }
                  ]
                ],
                "origin_id": "string"
              }
            ]
          ],
          "price_class": "string",
          "restrictions": [
            "list",
            [
              "object",
              {
                "geo_restriction": [
                  "list",
                  [
                    "object",
                    {
                      "locations": [
                        "set",
                        "string"
                      ],
                      "restriction_type": "string"
                    }
                  ]
                ]
              }
            ]
          ],
          "retain_on_delete": "bool",
          "status": "string",
          "tags": [
            "map",
            "string"
          ],
          "tags_all": [
            "map",
            "string"
          ],
          "trusted_key_groups": [
            "list",
            [
              "object",
              {
                "enabled": "bool",
                "items": [
                  "list",
                  [
                    "object",
                    {
                      "key_group_id": "string",
                      "key_pair_ids": [
                        "set",
                        "string"
                      ]
                    }
                  ]
                ]
              }
            ]
          ],
          "trusted_signers": [
            "list",
            [
              "object",
              {
                "enabled": "bool",
                "items": [
                  "list",
                  [
                    "object",
                    {
                      "aws_account_number": "string",
                      "key_pair_ids": [
                        "set",
                        "string"
                      ]
                    }
                  ]
                ]
              }
            ]
          ],
          "viewer_certificate": [
            "list",
            [
              "object",
              {
                "acm_certificate_arn": "string",
                "cloudfront_default_certificate": "bool",
                "iam_certificate_id": "string",
                "minimum_protocol_version": "string",
                "ssl_support_method": "string"
              }
            ]
          ],
          "wait_for_deployment": "bool",
          "web_acl_id": "string"
        }
      ]
    },
    "s3_metadata": {
      "value": "elliott-s3-tf-test-site.s3-website-us-west-2.amazonaws.com",
      "type": "string"
    }
  },
  "resources": [
    {
      "module": "module.cloudfront",
      "mode": "managed",
      "type": "aws_cloudfront_distribution",
      "name": "s3_distribution",
      "provider": "provider[\"registry.terraform.io/hashicorp/aws\"]",
      "instances": [
        {
          "schema_version": 1,
          "attributes": {
            "aliases": [],
            "arn": "arn:aws:cloudfront::698347480743:distribution/E3NFZKYDHPVQRV",
            "caller_reference": "terraform-20220706192428622000000001",
            "comment": null,
            "custom_error_response": [],
            "default_cache_behavior": [
              {
                "allowed_methods": [
                  "GET",
                  "HEAD"
                ],
                "cache_policy_id": "",
                "cached_methods": [
                  "GET",
                  "HEAD"
                ],
                "compress": false,
                "default_ttl": 3600,
                "field_level_encryption_id": "",
                "forwarded_values": [
                  {
                    "cookies": [
                      {
                        "forward": "none",
                        "whitelisted_names": []
                      }
                    ],
                    "headers": [],
                    "query_string": false,
                    "query_string_cache_keys": []
                  }
                ],
                "function_association": [],
                "lambda_function_association": [],
                "max_ttl": 86400,
                "min_ttl": 0,
                "origin_request_policy_id": "",
                "realtime_log_config_arn": "",
                "response_headers_policy_id": "",
                "smooth_streaming": false,
                "target_origin_id": "si3mshady",
                "trusted_key_groups": [],
                "trusted_signers": [],
                "viewer_protocol_policy": "allow-all"
              }
            ],
            "default_root_object": "index.html",
            "domain_name": "d1iz45btfrzs0k.cloudfront.net",
            "enabled": true,
            "etag": "E1EHZIAH58DBQ1",
            "hosted_zone_id": "Z2FDTNDATAQYW2",
            "http_version": "http2",
            "id": "E3NFZKYDHPVQRV",
            "in_progress_validation_batches": 0,
            "is_ipv6_enabled": false,
            "last_modified_time": "2022-07-06 19:24:28.941 +0000 UTC",
            "logging_config": [],
            "ordered_cache_behavior": [],
            "origin": [
              {
                "connection_attempts": 3,
                "connection_timeout": 10,
                "custom_header": [],
                "custom_origin_config": [],
                "domain_name": "elliott-s3-tf-test-site.s3.us-west-2.amazonaws.com",
                "origin_id": "si3mshady",
                "origin_path": "",
                "origin_shield": [],
                "s3_origin_config": []
              }
            ],
            "origin_group": [],
            "price_class": "PriceClass_All",
            "restrictions": [
              {
                "geo_restriction": [
                  {
                    "locations": [
                      "CA",
                      "DE",
                      "GB",
                      "US"
                    ],
                    "restriction_type": "whitelist"
                  }
                ]
              }
            ],
            "retain_on_delete": false,
            "status": "Deployed",
            "tags": {
              "Environment": "dev"
            },
            "tags_all": {
              "Environment": "dev"
            },
            "trusted_key_groups": [
              {
                "enabled": false,
                "items": []
              }
            ],
            "trusted_signers": [
              {
                "enabled": false,
                "items": []
              }
            ],
            "viewer_certificate": [
              {
                "acm_certificate_arn": "",
                "cloudfront_default_certificate": true,
                "iam_certificate_id": "",
                "minimum_protocol_version": "TLSv1",
                "ssl_support_method": ""
              }
            ],
            "wait_for_deployment": true,
            "web_acl_id": ""
          },
          "sensitive_attributes": [],
          "private": "eyJzY2hlbWFfdmVyc2lvbiI6IjEifQ==",
          "dependencies": [
            "module.s3_site.aws_s3_bucket.s3site"
          ]
        }
      ]
    },
    {
      "module": "module.s3_site",
      "mode": "managed",
      "type": "aws_s3_bucket",
      "name": "s3site",
      "provider": "provider[\"registry.terraform.io/hashicorp/aws\"]",
      "instances": [
        {
          "schema_version": 0,
          "attributes": {
            "acceleration_status": "",
            "acl": "public-read",
            "arn": "arn:aws:s3:::elliott-s3-tf-test-site",
            "bucket": "elliott-s3-tf-test-site",
            "bucket_domain_name": "elliott-s3-tf-test-site.s3.amazonaws.com",
            "bucket_prefix": null,
            "bucket_regional_domain_name": "elliott-s3-tf-test-site.s3.us-west-2.amazonaws.com",
            "cors_rule": [],
            "force_destroy": false,
            "grant": [
              {
                "id": "",
                "permissions": [
                  "READ"
                ],
                "type": "Group",
                "uri": "http://acs.amazonaws.com/groups/global/AllUsers"
              },
              {
                "id": "0f344c4593acab62461973009df67d0a83bba4477399bdc0eb2b67cf2e973d55",
                "permissions": [
                  "FULL_CONTROL"
                ],
                "type": "CanonicalUser",
                "uri": ""
              }
            ],
            "hosted_zone_id": "Z3BJ6K6RIION7M",
            "id": "elliott-s3-tf-test-site",
            "lifecycle_rule": [],
            "logging": [],
            "object_lock_configuration": [],
            "object_lock_enabled": false,
            "policy": "",
            "region": "us-west-2",
            "replication_configuration": [],
            "request_payer": "BucketOwner",
            "server_side_encryption_configuration": [],
            "tags": {},
            "tags_all": {},
            "versioning": [
              {
                "enabled": false,
                "mfa_delete": false
              }
            ],
            "website": [
              {
                "error_document": "error.html",
                "index_document": "index.html",
                "redirect_all_requests_to": "",
                "routing_rules": ""
              }
            ],
            "website_domain": "s3-website-us-west-2.amazonaws.com",
            "website_endpoint": "elliott-s3-tf-test-site.s3-website-us-west-2.amazonaws.com"
          },
          "sensitive_attributes": [],
          "private": "bnVsbA=="
        }
      ]
    },
    {
      "module": "module.s3_site",
      "mode": "managed",
      "type": "aws_s3_bucket_object",
      "name": "files",
      "provider": "provider[\"registry.terraform.io/hashicorp/aws\"]",
      "instances": [
        {
          "index_key": "error",
          "schema_version": 0,
          "attributes": {
            "acl": "public-read",
            "bucket": "elliott-s3-tf-test-site",
            "bucket_key_enabled": false,
            "cache_control": "",
            "content": null,
            "content_base64": null,
            "content_disposition": "",
            "content_encoding": "",
            "content_language": "",
            "content_type": "text/html",
            "etag": "05307db02bfb7da300e93edbe71b735c",
            "force_destroy": false,
            "id": "error.html",
            "key": "error.html",
            "kms_key_id": null,
            "metadata": {},
            "object_lock_legal_hold_status": "",
            "object_lock_mode": "",
            "object_lock_retain_until_date": "",
            "server_side_encryption": "",
            "source": "elliott_s3/error.html",
            "source_hash": null,
            "storage_class": "STANDARD",
            "tags": {},
            "tags_all": {},
            "version_id": "",
            "website_redirect": ""
          },
          "sensitive_attributes": [],
          "private": "bnVsbA==",
          "dependencies": [
            "module.s3_site.aws_s3_bucket.s3site"
          ]
        },
        {
          "index_key": "html",
          "schema_version": 0,
          "attributes": {
            "acl": "public-read",
            "bucket": "elliott-s3-tf-test-site",
            "bucket_key_enabled": false,
            "cache_control": "",
            "content": null,
            "content_base64": null,
            "content_disposition": "",
            "content_encoding": "",
            "content_language": "",
            "content_type": "text/html",
            "etag": "8747ddc8864bc77512afbdcb59952037",
            "force_destroy": false,
            "id": "index.html",
            "key": "index.html",
            "kms_key_id": null,
            "metadata": {},
            "object_lock_legal_hold_status": "",
            "object_lock_mode": "",
            "object_lock_retain_until_date": "",
            "server_side_encryption": "",
            "source": "elliott_s3/index.html",
            "source_hash": null,
            "storage_class": "STANDARD",
            "tags": {},
            "tags_all": {},
            "version_id": "",
            "website_redirect": ""
          },
          "sensitive_attributes": [],
          "private": "bnVsbA==",
          "dependencies": [
            "module.s3_site.aws_s3_bucket.s3site"
          ]
        },
        {
          "index_key": "image",
          "schema_version": 0,
          "attributes": {
            "acl": "public-read",
            "bucket": "elliott-s3-tf-test-site",
            "bucket_key_enabled": false,
            "cache_control": "",
            "content": null,
            "content_base64": null,
            "content_disposition": "",
            "content_encoding": "",
            "content_language": "",
            "content_type": "text/html",
            "etag": "16f2f14f9d405aa8553d8a94e118f2d2",
            "force_destroy": false,
            "id": "e.webp",
            "key": "e.webp",
            "kms_key_id": null,
            "metadata": {},
            "object_lock_legal_hold_status": "",
            "object_lock_mode": "",
            "object_lock_retain_until_date": "",
            "server_side_encryption": "",
            "source": "elliott_s3/e.webp",
            "source_hash": null,
            "storage_class": "STANDARD",
            "tags": {},
            "tags_all": {},
            "version_id": "",
            "website_redirect": ""
          },
          "sensitive_attributes": [],
          "private": "bnVsbA==",
          "dependencies": [
            "module.s3_site.aws_s3_bucket.s3site"
          ]
        }
      ]
    },
    {
      "module": "module.s3_site",
      "mode": "managed",
      "type": "aws_s3_bucket_website_configuration",
      "name": "site_config",
      "provider": "provider[\"registry.terraform.io/hashicorp/aws\"]",
      "instances": [
        {
          "schema_version": 0,
          "attributes": {
            "bucket": "elliott-s3-tf-test-site",
            "error_document": [
              {
                "key": "error.html"
              }
            ],
            "expected_bucket_owner": "",
            "id": "elliott-s3-tf-test-site",
            "index_document": [
              {
                "suffix": "index.html"
              }
            ],
            "redirect_all_requests_to": [],
            "routing_rule": [],
            "routing_rules": "",
            "website_domain": "s3-website-us-west-2.amazonaws.com",
            "website_endpoint": "elliott-s3-tf-test-site.s3-website-us-west-2.amazonaws.com"
          },
          "sensitive_attributes": [],
          "private": "bnVsbA==",
          "dependencies": [
            "module.s3_site.aws_s3_bucket.s3site"
          ]
        }
      ]
    }
  ]
}
